
Microsoft Visual Studio Solution File, Format Version 12.00
# Visual Studio Version 16
VisualStudioVersion = 16.0.30309.148
MinimumVisualStudioVersion = 10.0.40219.1
Project("{9A19103F-16F7-4668-BE54-9A1E7A4F7556}") = "BuySale.Api", "BuySale.Api\BuySale.Api.csproj", "{F504A107-33BD-4483-9704-93F8FFF49130}"
EndProject
Project("{9A19103F-16F7-4668-BE54-9A1E7A4F7556}") = "BuySale.Domain", "BuySale.Domain\BuySale.Domain.csproj", "{1647E052-5A07-4A4D-88A4-F9BDBFD08538}"
EndProject
Project("{9A19103F-16F7-4668-BE54-9A1E7A4F7556}") = "BuySale.Infra", "BuySale.Infra\BuySale.Infra.csproj", "{120563C7-8A76-4763-B3AA-812231152DD1}"
EndProject
Global
	GlobalSection(SolutionConfigurationPlatforms) = preSolution
		Debug|Any CPU = Debug|Any CPU
		Release|Any CPU = Release|Any CPU
	EndGlobalSection
	GlobalSection(ProjectConfigurationPlatforms) = postSolution
		{F504A107-33BD-4483-9704-93F8FFF49130}.Debug|Any CPU.ActiveCfg = Debug|Any CPU
		{F504A107-33BD-4483-9704-93F8FFF49130}.Debug|Any CPU.Build.0 = Debug|Any CPU
		{F504A107-33BD-4483-9704-93F8FFF49130}.Release|Any CPU.ActiveCfg = Release|Any CPU
		{F504A107-33BD-4483-9704-93F8FFF49130}.Release|Any CPU.Build.0 = Release|Any CPU
		{1647E052-5A07-4A4D-88A4-F9BDBFD08538}.Debug|Any CPU.ActiveCfg = Debug|Any CPU
		{1647E052-5A07-4A4D-88A4-F9BDBFD08538}.Debug|Any CPU.Build.0 = Debug|Any CPU
		{1647E052-5A07-4A4D-88A4-F9BDBFD08538}.Release|Any CPU.ActiveCfg = Release|Any CPU
		{1647E052-5A07-4A4D-88A4-F9BDBFD08538}.Release|Any CPU.Build.0 = Release|Any CPU
		{120563C7-8A76-4763-B3AA-812231152DD1}.Debug|Any CPU.ActiveCfg = Debug|Any CPU
		{120563C7-8A76-4763-B3AA-812231152DD1}.Debug|Any CPU.Build.0 = Debug|Any CPU
		{120563C7-8A76-4763-B3AA-812231152DD1}.Release|Any CPU.ActiveCfg = Release|Any CPU
		{120563C7-8A76-4763-B3AA-812231152DD1}.Release|Any CPU.Build.0 = Release|Any CPU
	EndGlobalSection
	GlobalSection(SolutionProperties) = preSolution
		HideSolutionNode = FALSE
	EndGlobalSection
	GlobalSection(ExtensibilityGlobals) = postSolution
		SolutionGuid = {1FBCFD6B-A918-4988-AC35-D4F2901A2187}
	EndGlobalSection
EndGlobal
